
Microsoft Visual Studio Solution File, Format Version 12.00
# Visual Studio Version 16
VisualStudioVersion = 16.0.29519.181
MinimumVisualStudioVersion = 10.0.40219.1
Project("{FAE04EC0-301F-11D3-BF4B-00C04F79EFBC}") = "Git_Github", "Git_Github\Git_Github.csproj", "{8C164BEF-8CF0-4A84-A4E9-977648F566DF}"
EndProject
Global
	GlobalSection(SolutionConfigurationPlatforms) = preSolution
		Debug|Any CPU = Debug|Any CPU
		Release|Any CPU = Release|Any CPU
	EndGlobalSection
	GlobalSection(ProjectConfigurationPlatforms) = postSolution
		{8C164BEF-8CF0-4A84-A4E9-977648F566DF}.Debug|Any CPU.ActiveCfg = Debug|Any CPU
		{8C164BEF-8CF0-4A84-A4E9-977648F566DF}.Debug|Any CPU.Build.0 = Debug|Any CPU
		{8C164BEF-8CF0-4A84-A4E9-977648F566DF}.Release|Any CPU.ActiveCfg = Release|Any CPU
		{8C164BEF-8CF0-4A84-A4E9-977648F566DF}.Release|Any CPU.Build.0 = Release|Any CPU
	EndGlobalSection
	GlobalSection(SolutionProperties) = preSolution
		HideSolutionNode = FALSE
	EndGlobalSection
	GlobalSection(ExtensibilityGlobals) = postSolution
		SolutionGuid = {0F6AE5BA-4118-42DA-A49B-0E5D205E8FDF}
	EndGlobalSection
EndGlobal
